
Microsoft Visual Studio Solution File, Format Version 12.00
# Visual Studio Version 17
VisualStudioVersion = 17.8.34601.278
MinimumVisualStudioVersion = 10.0.40219.1
Project("{2150E333-8FDC-42A3-9474-1A3956D46DE8}") = "Week-2-Homework", "Week-2-Homework", "{07C0EF54-49C3-4595-9719-6A1FA2E675DF}"
EndProject
Project("{9A19103F-16F7-4668-BE54-9A1E7A4F7556}") = "SOLID", "SOLID\SOLID.csproj", "{5F6BC8F3-289D-4D57-8919-E571339270A3}"
EndProject
Project("{9A19103F-16F7-4668-BE54-9A1E7A4F7556}") = "CollectionsAndArrays", "CollectionsAndArrays\CollectionsAndArrays.csproj", "{1492DFDA-16F7-4C75-974C-2347FEC6A1E0}"
EndProject
Project("{2150E333-8FDC-42A3-9474-1A3956D46DE8}") = "Week-3-Homework", "Week-3-Homework", "{234C3DB0-CE74-4E55-BCF6-BC9B71634CBA}"
EndProject
Project("{9A19103F-16F7-4668-BE54-9A1E7A4F7556}") = "Generics.App", "Generic.App\Generics.App.csproj", "{19D3C6C6-7CEA-4138-B38F-BC9D9A5C19BA}"
EndProject
Project("{9A19103F-16F7-4668-BE54-9A1E7A4F7556}") = "Extensions.App", "Extensions.App\Extensions.App.csproj", "{A878741F-2359-4F53-850F-D1DE580557DD}"
EndProject
Project("{9A19103F-16F7-4668-BE54-9A1E7A4F7556}") = "MVC.Web", "MVC.Web\MVC.Web.csproj", "{9A6442DF-28E0-4B7A-AD30-B1F816117BEC}"
EndProject
Project("{9A19103F-16F7-4668-BE54-9A1E7A4F7556}") = "Razor.Web", "Razor.Web\Razor.Web.csproj", "{70686480-2B3C-4AC3-B8FC-DE7F41BCA18B}"
EndProject
Global
	GlobalSection(SolutionConfigurationPlatforms) = preSolution
		Debug|Any CPU = Debug|Any CPU
		Release|Any CPU = Release|Any CPU
	EndGlobalSection
	GlobalSection(ProjectConfigurationPlatforms) = postSolution
		{5F6BC8F3-289D-4D57-8919-E571339270A3}.Debug|Any CPU.ActiveCfg = Debug|Any CPU
		{5F6BC8F3-289D-4D57-8919-E571339270A3}.Debug|Any CPU.Build.0 = Debug|Any CPU
		{5F6BC8F3-289D-4D57-8919-E571339270A3}.Release|Any CPU.ActiveCfg = Release|Any CPU
		{5F6BC8F3-289D-4D57-8919-E571339270A3}.Release|Any CPU.Build.0 = Release|Any CPU
		{1492DFDA-16F7-4C75-974C-2347FEC6A1E0}.Debug|Any CPU.ActiveCfg = Debug|Any CPU
		{1492DFDA-16F7-4C75-974C-2347FEC6A1E0}.Debug|Any CPU.Build.0 = Debug|Any CPU
		{1492DFDA-16F7-4C75-974C-2347FEC6A1E0}.Release|Any CPU.ActiveCfg = Release|Any CPU
		{1492DFDA-16F7-4C75-974C-2347FEC6A1E0}.Release|Any CPU.Build.0 = Release|Any CPU
		{19D3C6C6-7CEA-4138-B38F-BC9D9A5C19BA}.Debug|Any CPU.ActiveCfg = Debug|Any CPU
		{19D3C6C6-7CEA-4138-B38F-BC9D9A5C19BA}.Debug|Any CPU.Build.0 = Debug|Any CPU
		{19D3C6C6-7CEA-4138-B38F-BC9D9A5C19BA}.Release|Any CPU.ActiveCfg = Release|Any CPU
		{19D3C6C6-7CEA-4138-B38F-BC9D9A5C19BA}.Release|Any CPU.Build.0 = Release|Any CPU
		{A878741F-2359-4F53-850F-D1DE580557DD}.Debug|Any CPU.ActiveCfg = Debug|Any CPU
		{A878741F-2359-4F53-850F-D1DE580557DD}.Debug|Any CPU.Build.0 = Debug|Any CPU
		{A878741F-2359-4F53-850F-D1DE580557DD}.Release|Any CPU.ActiveCfg = Release|Any CPU
		{A878741F-2359-4F53-850F-D1DE580557DD}.Release|Any CPU.Build.0 = Release|Any CPU
		{9A6442DF-28E0-4B7A-AD30-B1F816117BEC}.Debug|Any CPU.ActiveCfg = Debug|Any CPU
		{9A6442DF-28E0-4B7A-AD30-B1F816117BEC}.Debug|Any CPU.Build.0 = Debug|Any CPU
		{9A6442DF-28E0-4B7A-AD30-B1F816117BEC}.Release|Any CPU.ActiveCfg = Release|Any CPU
		{9A6442DF-28E0-4B7A-AD30-B1F816117BEC}.Release|Any CPU.Build.0 = Release|Any CPU
		{70686480-2B3C-4AC3-B8FC-DE7F41BCA18B}.Debug|Any CPU.ActiveCfg = Debug|Any CPU
		{70686480-2B3C-4AC3-B8FC-DE7F41BCA18B}.Debug|Any CPU.Build.0 = Debug|Any CPU
		{70686480-2B3C-4AC3-B8FC-DE7F41BCA18B}.Release|Any CPU.ActiveCfg = Release|Any CPU
		{70686480-2B3C-4AC3-B8FC-DE7F41BCA18B}.Release|Any CPU.Build.0 = Release|Any CPU
	EndGlobalSection
	GlobalSection(SolutionProperties) = preSolution
		HideSolutionNode = FALSE
	EndGlobalSection
	GlobalSection(NestedProjects) = preSolution
		{5F6BC8F3-289D-4D57-8919-E571339270A3} = {07C0EF54-49C3-4595-9719-6A1FA2E675DF}
		{1492DFDA-16F7-4C75-974C-2347FEC6A1E0} = {07C0EF54-49C3-4595-9719-6A1FA2E675DF}
		{19D3C6C6-7CEA-4138-B38F-BC9D9A5C19BA} = {234C3DB0-CE74-4E55-BCF6-BC9B71634CBA}
		{A878741F-2359-4F53-850F-D1DE580557DD} = {234C3DB0-CE74-4E55-BCF6-BC9B71634CBA}
		{9A6442DF-28E0-4B7A-AD30-B1F816117BEC} = {234C3DB0-CE74-4E55-BCF6-BC9B71634CBA}
		{70686480-2B3C-4AC3-B8FC-DE7F41BCA18B} = {234C3DB0-CE74-4E55-BCF6-BC9B71634CBA}
	EndGlobalSection
	GlobalSection(ExtensibilityGlobals) = postSolution
		SolutionGuid = {20BA53E3-4207-47D6-95D3-1674EB192464}
	EndGlobalSection
EndGlobal
